Microsoft Visual Studio Solution File, Format Version 12.00
# Visual Studio 15
VisualStudioVersion = 15.0.27004.2002
MinimumVisualStudioVersion = 10.0.40219.1
Project("{9A19103F-16F7-4668-BE54-9A1E7A4F7556}") = "DbShell.Driver.Common", "DbShell.Driver.Common\DbShell.Driver.Common.csproj", "{CC233C46-AE79-4ADB-AE5C-B4BAE3FD2495}"
EndProject
Project("{9A19103F-16F7-4668-BE54-9A1E7A4F7556}") = "DbShell.Driver.SqlServer", "DbShell.Driver.SqlServer\DbShell.Driver.SqlServer.csproj", "{80906E4D-1539-4F93-A227-3E072F49BAEA}"
EndProject
Project("{9A19103F-16F7-4668-BE54-9A1E7A4F7556}") = "DbShell.Core", "DbShell.Core\DbShell.Core.csproj", "{72D4E33E-C0A3-45A8-9098-3FD9420A2E52}"
EndProject
Project("{9A19103F-16F7-4668-BE54-9A1E7A4F7556}") = "DbShell", "DbShell\DbShell.csproj", "{339F8D21-3E09-4602-B935-4238E8B7035F}"
EndProject
Project("{9A19103F-16F7-4668-BE54-9A1E7A4F7556}") = "DbShell.Driver.Sqlite", "DbShell.Driver.Sqlite\DbShell.Driver.Sqlite.csproj", "{175042B2-316F-4D2A-998E-F3C5E110D3E7}"
EndProject
Project("{9A19103F-16F7-4668-BE54-9A1E7A4F7556}") = "DbShell.Excel", "DbShell.Excel\DbShell.Excel.csproj", "{AF992D15-1C15-4DB4-9DF4-A4EF9A0BC92A}"
EndProject
Project("{9A19103F-16F7-4668-BE54-9A1E7A4F7556}") = "DbShell.Driver.MySql", "DbShell.Driver.MySql\DbShell.Driver.MySql.csproj", "{096D6507-6F66-4C54-BAF6-4F4C501D05F4}"
EndProject
Project("{9A19103F-16F7-4668-BE54-9A1E7A4F7556}") = "DbShell.Driver.Postgres", "DbShell.Driver.Postgres\DbShell.Driver.Postgres.csproj", "{D9B4FBBF-E83B-4407-9B64-CA101E8EF7C8}"
EndProject
Project("{9A19103F-16F7-4668-BE54-9A1E7A4F7556}") = "DbShell.All", "DbShell.All\DbShell.All.csproj", "{F634B19A-1FA6-4611-9D48-F68118B2D420}"
EndProject
Project("{9A19103F-16F7-4668-BE54-9A1E7A4F7556}") = "DbShell.Csv", "DbShell.Csv\DbShell.Csv.csproj", "{87C34421-096A-4831-8B93-5C58870E181F}"
EndProject
Project("{9A19103F-16F7-4668-BE54-9A1E7A4F7556}") = "DbShell.Test", "DbShell.Test\DbShell.Test.csproj", "{8594B596-A901-46BB-BFEC-59BE5EE678F0}"
EndProject
Project("{9A19103F-16F7-4668-BE54-9A1E7A4F7556}") = "DbShell.Xml", "DbShell.Xml\DbShell.Xml.csproj", "{60E6592A-9D27-4044-9A23-2CC6CE22BA38}"
EndProject
Global
	GlobalSection(SolutionConfigurationPlatforms) = preSolution
		Debug|Any CPU = Debug|Any CPU
		Debug|Mixed Platforms = Debug|Mixed Platforms
		Debug|x64 = Debug|x64
		Debug|x86 = Debug|x86
		Release|Any CPU = Release|Any CPU
		Release|Mixed Platforms = Release|Mixed Platforms
		Release|x64 = Release|x64
		Release|x86 = Release|x86
	EndGlobalSection
	GlobalSection(ProjectConfigurationPlatforms) = postSolution
		{CC233C46-AE79-4ADB-AE5C-B4BAE3FD2495}.Debug|Any CPU.ActiveCfg = Debug|Any CPU
		{CC233C46-AE79-4ADB-AE5C-B4BAE3FD2495}.Debug|Any CPU.Build.0 = Debug|Any CPU
		{CC233C46-AE79-4ADB-AE5C-B4BAE3FD2495}.Debug|Mixed Platforms.ActiveCfg = Debug|Any CPU
		{CC233C46-AE79-4ADB-AE5C-B4BAE3FD2495}.Debug|Mixed Platforms.Build.0 = Debug|Any CPU
		{CC233C46-AE79-4ADB-AE5C-B4BAE3FD2495}.Debug|x64.ActiveCfg = Debug|Any CPU
		{CC233C46-AE79-4ADB-AE5C-B4BAE3FD2495}.Debug|x64.Build.0 = Debug|Any CPU
		{CC233C46-AE79-4ADB-AE5C-B4BAE3FD2495}.Debug|x86.ActiveCfg = Debug|Any CPU
		{CC233C46-AE79-4ADB-AE5C-B4BAE3FD2495}.Release|Any CPU.ActiveCfg = Release|Any CPU
		{CC233C46-AE79-4ADB-AE5C-B4BAE3FD2495}.Release|Any CPU.Build.0 = Release|Any CPU
		{CC233C46-AE79-4ADB-AE5C-B4BAE3FD2495}.Release|Mixed Platforms.ActiveCfg = Release|Any CPU
		{CC233C46-AE79-4ADB-AE5C-B4BAE3FD2495}.Release|Mixed Platforms.Build.0 = Release|Any CPU
		{CC233C46-AE79-4ADB-AE5C-B4BAE3FD2495}.Release|x64.ActiveCfg = Release|Any CPU
		{CC233C46-AE79-4ADB-AE5C-B4BAE3FD2495}.Release|x64.Build.0 = Release|Any CPU
		{CC233C46-AE79-4ADB-AE5C-B4BAE3FD2495}.Release|x86.ActiveCfg = Release|Any CPU
		{80906E4D-1539-4F93-A227-3E072F49BAEA}.Debug|Any CPU.ActiveCfg = Debug|Any CPU
		{80906E4D-1539-4F93-A227-3E072F49BAEA}.Debug|Any CPU.Build.0 = Debug|Any CPU
		{80906E4D-1539-4F93-A227-3E072F49BAEA}.Debug|Mixed Platforms.ActiveCfg = Debug|Any CPU
		{80906E4D-1539-4F93-A227-3E072F49BAEA}.Debug|Mixed Platforms.Build.0 = Debug|Any CPU
		{80906E4D-1539-4F93-A227-3E072F49BAEA}.Debug|x64.ActiveCfg = Debug|Any CPU
		{80906E4D-1539-4F93-A227-3E072F49BAEA}.Debug|x64.Build.0 = Debug|Any CPU
		{80906E4D-1539-4F93-A227-3E072F49BAEA}.Debug|x86.ActiveCfg = Debug|Any CPU
		{80906E4D-1539-4F93-A227-3E072F49BAEA}.Release|Any CPU.ActiveCfg = Release|Any CPU
		{80906E4D-1539-4F93-A227-3E072F49BAEA}.Release|Any CPU.Build.0 = Release|Any CPU
		{80906E4D-1539-4F93-A227-3E072F49BAEA}.Release|Mixed Platforms.ActiveCfg = Release|Any CPU
		{80906E4D-1539-4F93-A227-3E072F49BAEA}.Release|Mixed Platforms.Build.0 = Release|Any CPU
		{80906E4D-1539-4F93-A227-3E072F49BAEA}.Release|x64.ActiveCfg = Release|Any CPU
		{80906E4D-1539-4F93-A227-3E072F49BAEA}.Release|x64.Build.0 = Release|Any CPU
		{80906E4D-1539-4F93-A227-3E072F49BAEA}.Release|x86.ActiveCfg = Release|Any CPU
		{72D4E33E-C0A3-45A8-9098-3FD9420A2E52}.Debug|Any CPU.ActiveCfg = Debug|Any CPU
		{72D4E33E-C0A3-45A8-9098-3FD9420A2E52}.Debug|Any CPU.Build.0 = Debug|Any CPU
		{72D4E33E-C0A3-45A8-9098-3FD9420A2E52}.Debug|Mixed Platforms.ActiveCfg = Debug|Any CPU
		{72D4E33E-C0A3-45A8-9098-3FD9420A2E52}.Debug|Mixed Platforms.Build.0 = Debug|Any CPU
		{72D4E33E-C0A3-45A8-9098-3FD9420A2E52}.Debug|x64.ActiveCfg = Debug|Any CPU
		{72D4E33E-C0A3-45A8-9098-3FD9420A2E52}.Debug|x64.Build.0 = Debug|Any CPU
		{72D4E33E-C0A3-45A8-9098-3FD9420A2E52}.Debug|x86.ActiveCfg = Debug|Any CPU
		{72D4E33E-C0A3-45A8-9098-3FD9420A2E52}.Release|Any CPU.ActiveCfg = Release|Any CPU
		{72D4E33E-C0A3-45A8-9098-3FD9420A2E52}.Release|Any CPU.Build.0 = Release|Any CPU
		{72D4E33E-C0A3-45A8-9098-3FD9420A2E52}.Release|Mixed Platforms.ActiveCfg = Release|Any CPU
		{72D4E33E-C0A3-45A8-9098-3FD9420A2E52}.Release|Mixed Platforms.Build.0 = Release|Any CPU
		{72D4E33E-C0A3-45A8-9098-3FD9420A2E52}.Release|x64.ActiveCfg = Release|Any CPU
		{72D4E33E-C0A3-45A8-9098-3FD9420A2E52}.Release|x64.Build.0 = Release|Any CPU
		{72D4E33E-C0A3-45A8-9098-3FD9420A2E52}.Release|x86.ActiveCfg = Release|Any CPU
		{339F8D21-3E09-4602-B935-4238E8B7035F}.Debug|Any CPU.ActiveCfg = Debug|Any CPU
		{339F8D21-3E09-4602-B935-4238E8B7035F}.Debug|Any CPU.Build.0 = Debug|Any CPU
		{339F8D21-3E09-4602-B935-4238E8B7035F}.Debug|Mixed Platforms.ActiveCfg = Debug|Any CPU
		{339F8D21-3E09-4602-B935-4238E8B7035F}.Debug|Mixed Platforms.Build.0 = Debug|Any CPU
		{339F8D21-3E09-4602-B935-4238E8B7035F}.Debug|x64.ActiveCfg = Debug|Any CPU
		{339F8D21-3E09-4602-B935-4238E8B7035F}.Debug|x64.Build.0 = Debug|Any CPU
		{339F8D21-3E09-4602-B935-4238E8B7035F}.Debug|x86.ActiveCfg = Debug|Any CPU
		{339F8D21-3E09-4602-B935-4238E8B7035F}.Release|Any CPU.ActiveCfg = Release|Any CPU
		{339F8D21-3E09-4602-B935-4238E8B7035F}.Release|Any CPU.Build.0 = Release|Any CPU
		{339F8D21-3E09-4602-B935-4238E8B7035F}.Release|Mixed Platforms.ActiveCfg = Release|Any CPU
		{339F8D21-3E09-4602-B935-4238E8B7035F}.Release|Mixed Platforms.Build.0 = Release|Any CPU
		{339F8D21-3E09-4602-B935-4238E8B7035F}.Release|x64.ActiveCfg = Release|Any CPU
		{339F8D21-3E09-4602-B935-4238E8B7035F}.Release|x64.Build.0 = Release|Any CPU
		{339F8D21-3E09-4602-B935-4238E8B7035F}.Release|x86.ActiveCfg = Release|Any CPU
		{175042B2-316F-4D2A-998E-F3C5E110D3E7}.Debug|Any CPU.ActiveCfg = Debug|Any CPU
		{175042B2-316F-4D2A-998E-F3C5E110D3E7}.Debug|Any CPU.Build.0 = Debug|Any CPU
		{175042B2-316F-4D2A-998E-F3C5E110D3E7}.Debug|Mixed Platforms.ActiveCfg = Debug|Any CPU
		{175042B2-316F-4D2A-998E-F3C5E110D3E7}.Debug|Mixed Platforms.Build.0 = Debug|Any CPU
		{175042B2-316F-4D2A-998E-F3C5E110D3E7}.Debug|x64.ActiveCfg = Debug|Any CPU
		{175042B2-316F-4D2A-998E-F3C5E110D3E7}.Debug|x64.Build.0 = Debug|Any CPU
		{175042B2-316F-4D2A-998E-F3C5E110D3E7}.Debug|x86.ActiveCfg = Debug|Any CPU
		{175042B2-316F-4D2A-998E-F3C5E110D3E7}.Release|Any CPU.ActiveCfg = Release|Any CPU
		{175042B2-316F-4D2A-998E-F3C5E110D3E7}.Release|Any CPU.Build.0 = Release|Any CPU
		{175042B2-316F-4D2A-998E-F3C5E110D3E7}.Release|Mixed Platforms.ActiveCfg = Release|Any CPU
		{175042B2-316F-4D2A-998E-F3C5E110D3E7}.Release|Mixed Platforms.Build.0 = Release|Any CPU
		{175042B2-316F-4D2A-998E-F3C5E110D3E7}.Release|x64.ActiveCfg = Release|Any CPU
		{175042B2-316F-4D2A-998E-F3C5E110D3E7}.Release|x64.Build.0 = Release|Any CPU
		{175042B2-316F-4D2A-998E-F3C5E110D3E7}.Release|x86.ActiveCfg = Release|Any CPU
		{AF992D15-1C15-4DB4-9DF4-A4EF9A0BC92A}.Debug|Any CPU.ActiveCfg = Debug|Any CPU
		{AF992D15-1C15-4DB4-9DF4-A4EF9A0BC92A}.Debug|Any CPU.Build.0 = Debug|Any CPU
		{AF992D15-1C15-4DB4-9DF4-A4EF9A0BC92A}.Debug|Mixed Platforms.ActiveCfg = Debug|Any CPU
		{AF992D15-1C15-4DB4-9DF4-A4EF9A0BC92A}.Debug|Mixed Platforms.Build.0 = Debug|Any CPU
		{AF992D15-1C15-4DB4-9DF4-A4EF9A0BC92A}.Debug|x64.ActiveCfg = Debug|Any CPU
		{AF992D15-1C15-4DB4-9DF4-A4EF9A0BC92A}.Debug|x64.Build.0 = Debug|Any CPU
		{AF992D15-1C15-4DB4-9DF4-A4EF9A0BC92A}.Debug|x86.ActiveCfg = Debug|Any CPU
		{AF992D15-1C15-4DB4-9DF4-A4EF9A0BC92A}.Release|Any CPU.ActiveCfg = Release|Any CPU
		{AF992D15-1C15-4DB4-9DF4-A4EF9A0BC92A}.Release|Any CPU.Build.0 = Release|Any CPU
		{AF992D15-1C15-4DB4-9DF4-A4EF9A0BC92A}.Release|Mixed Platforms.ActiveCfg = Release|Any CPU
		{AF992D15-1C15-4DB4-9DF4-A4EF9A0BC92A}.Release|Mixed Platforms.Build.0 = Release|Any CPU
		{AF992D15-1C15-4DB4-9DF4-A4EF9A0BC92A}.Release|x64.ActiveCfg = Release|Any CPU
		{AF992D15-1C15-4DB4-9DF4-A4EF9A0BC92A}.Release|x64.Build.0 = Release|Any CPU
		{AF992D15-1C15-4DB4-9DF4-A4EF9A0BC92A}.Release|x86.ActiveCfg = Release|Any CPU
		{096D6507-6F66-4C54-BAF6-4F4C501D05F4}.Debug|Any CPU.ActiveCfg = Debug|Any CPU
		{096D6507-6F66-4C54-BAF6-4F4C501D05F4}.Debug|Any CPU.Build.0 = Debug|Any CPU
		{096D6507-6F66-4C54-BAF6-4F4C501D05F4}.Debug|Mixed Platforms.ActiveCfg = Debug|Any CPU
		{096D6507-6F66-4C54-BAF6-4F4C501D05F4}.Debug|Mixed Platforms.Build.0 = Debug|Any CPU
		{096D6507-6F66-4C54-BAF6-4F4C501D05F4}.Debug|x64.ActiveCfg = Debug|Any CPU
		{096D6507-6F66-4C54-BAF6-4F4C501D05F4}.Debug|x64.Build.0 = Debug|Any CPU
		{096D6507-6F66-4C54-BAF6-4F4C501D05F4}.Debug|x86.ActiveCfg = Debug|Any CPU
		{096D6507-6F66-4C54-BAF6-4F4C501D05F4}.Debug|x86.Build.0 = Debug|Any CPU
		{096D6507-6F66-4C54-BAF6-4F4C501D05F4}.Release|Any CPU.ActiveCfg = Release|Any CPU
		{096D6507-6F66-4C54-BAF6-4F4C501D05F4}.Release|Any CPU.Build.0 = Release|Any CPU
		{096D6507-6F66-4C54-BAF6-4F4C501D05F4}.Release|Mixed Platforms.ActiveCfg = Release|Any CPU
		{096D6507-6F66-4C54-BAF6-4F4C501D05F4}.Release|Mixed Platforms.Build.0 = Release|Any CPU
		{096D6507-6F66-4C54-BAF6-4F4C501D05F4}.Release|x64.ActiveCfg = Release|Any CPU
		{096D6507-6F66-4C54-BAF6-4F4C501D05F4}.Release|x64.Build.0 = Release|Any CPU
		{096D6507-6F66-4C54-BAF6-4F4C501D05F4}.Release|x86.ActiveCfg = Release|Any CPU
		{096D6507-6F66-4C54-BAF6-4F4C501D05F4}.Release|x86.Build.0 = Release|Any CPU
		{D9B4FBBF-E83B-4407-9B64-CA101E8EF7C8}.Debug|Any CPU.ActiveCfg = Debug|Any CPU
		{D9B4FBBF-E83B-4407-9B64-CA101E8EF7C8}.Debug|Any CPU.Build.0 = Debug|Any CPU
		{D9B4FBBF-E83B-4407-9B64-CA101E8EF7C8}.Debug|Mixed Platforms.ActiveCfg = Debug|Any CPU
		{D9B4FBBF-E83B-4407-9B64-CA101E8EF7C8}.Debug|Mixed Platforms.Build.0 = Debug|Any CPU
		{D9B4FBBF-E83B-4407-9B64-CA101E8EF7C8}.Debug|x64.ActiveCfg = Debug|Any CPU
		{D9B4FBBF-E83B-4407-9B64-CA101E8EF7C8}.Debug|x64.Build.0 = Debug|Any CPU
		{D9B4FBBF-E83B-4407-9B64-CA101E8EF7C8}.Debug|x86.ActiveCfg = Debug|Any CPU
		{D9B4FBBF-E83B-4407-9B64-CA101E8EF7C8}.Debug|x86.Build.0 = Debug|Any CPU
		{D9B4FBBF-E83B-4407-9B64-CA101E8EF7C8}.Release|Any CPU.ActiveCfg = Release|Any CPU
		{D9B4FBBF-E83B-4407-9B64-CA101E8EF7C8}.Release|Any CPU.Build.0 = Release|Any CPU
		{D9B4FBBF-E83B-4407-9B64-CA101E8EF7C8}.Release|Mixed Platforms.ActiveCfg = Release|Any CPU
		{D9B4FBBF-E83B-4407-9B64-CA101E8EF7C8}.Release|Mixed Platforms.Build.0 = Release|Any CPU
		{D9B4FBBF-E83B-4407-9B64-CA101E8EF7C8}.Release|x64.ActiveCfg = Release|Any CPU
		{D9B4FBBF-E83B-4407-9B64-CA101E8EF7C8}.Release|x64.Build.0 = Release|Any CPU
		{D9B4FBBF-E83B-4407-9B64-CA101E8EF7C8}.Release|x86.ActiveCfg = Release|Any CPU
		{D9B4FBBF-E83B-4407-9B64-CA101E8EF7C8}.Release|x86.Build.0 = Release|Any CPU
		{F634B19A-1FA6-4611-9D48-F68118B2D420}.Debug|Any CPU.ActiveCfg = Debug|Any CPU
		{F634B19A-1FA6-4611-9D48-F68118B2D420}.Debug|Any CPU.Build.0 = Debug|Any CPU
		{F634B19A-1FA6-4611-9D48-F68118B2D420}.Debug|Mixed Platforms.ActiveCfg = Debug|Any CPU
		{F634B19A-1FA6-4611-9D48-F68118B2D420}.Debug|Mixed Platforms.Build.0 = Debug|Any CPU
		{F634B19A-1FA6-4611-9D48-F68118B2D420}.Debug|x64.ActiveCfg = Debug|Any CPU
		{F634B19A-1FA6-4611-9D48-F68118B2D420}.Debug|x64.Build.0 = Debug|Any CPU
		{F634B19A-1FA6-4611-9D48-F68118B2D420}.Debug|x86.ActiveCfg = Debug|Any CPU
		{F634B19A-1FA6-4611-9D48-F68118B2D420}.Debug|x86.Build.0 = Debug|Any CPU
		{F634B19A-1FA6-4611-9D48-F68118B2D420}.Release|Any CPU.ActiveCfg = Release|Any CPU
		{F634B19A-1FA6-4611-9D48-F68118B2D420}.Release|Any CPU.Build.0 = Release|Any CPU
		{F634B19A-1FA6-4611-9D48-F68118B2D420}.Release|Mixed Platforms.ActiveCfg = Release|Any CPU
		{F634B19A-1FA6-4611-9D48-F68118B2D420}.Release|Mixed Platforms.Build.0 = Release|Any CPU
		{F634B19A-1FA6-4611-9D48-F68118B2D420}.Release|x64.ActiveCfg = Release|Any CPU
		{F634B19A-1FA6-4611-9D48-F68118B2D420}.Release|x64.Build.0 = Release|Any CPU
		{F634B19A-1FA6-4611-9D48-F68118B2D420}.Release|x86.ActiveCfg = Release|Any CPU
		{F634B19A-1FA6-4611-9D48-F68118B2D420}.Release|x86.Build.0 = Release|Any CPU
		{87C34421-096A-4831-8B93-5C58870E181F}.Debug|Any CPU.ActiveCfg = Debug|Any CPU
		{87C34421-096A-4831-8B93-5C58870E181F}.Debug|Any CPU.Build.0 = Debug|Any CPU
		{87C34421-096A-4831-8B93-5C58870E181F}.Debug|Mixed Platforms.ActiveCfg = Debug|Any CPU
		{87C34421-096A-4831-8B93-5C58870E181F}.Debug|Mixed Platforms.Build.0 = Debug|Any CPU
		{87C34421-096A-4831-8B93-5C58870E181F}.Debug|x64.ActiveCfg = Debug|Any CPU
		{87C34421-096A-4831-8B93-5C58870E181F}.Debug|x64.Build.0 = Debug|Any CPU
		{87C34421-096A-4831-8B93-5C58870E181F}.Debug|x86.ActiveCfg = Debug|Any CPU
		{87C34421-096A-4831-8B93-5C58870E181F}.Debug|x86.Build.0 = Debug|Any CPU
		{87C34421-096A-4831-8B93-5C58870E181F}.Release|Any CPU.ActiveCfg = Release|Any CPU
		{87C34421-096A-4831-8B93-5C58870E181F}.Release|Any CPU.Build.0 = Release|Any CPU
		{87C34421-096A-4831-8B93-5C58870E181F}.Release|Mixed Platforms.ActiveCfg = Release|Any CPU
		{87C34421-096A-4831-8B93-5C58870E181F}.Release|Mixed Platforms.Build.0 = Release|Any CPU
		{87C34421-096A-4831-8B93-5C58870E181F}.Release|x64.ActiveCfg = Release|Any CPU
		{87C34421-096A-4831-8B93-5C58870E181F}.Release|x64.Build.0 = Release|Any CPU
		{87C34421-096A-4831-8B93-5C58870E181F}.Release|x86.ActiveCfg = Release|Any CPU
		{87C34421-096A-4831-8B93-5C58870E181F}.Release|x86.Build.0 = Release|Any CPU
		{8594B596-A901-46BB-BFEC-59BE5EE678F0}.Debug|Any CPU.ActiveCfg = Debug|Any CPU
		{8594B596-A901-46BB-BFEC-59BE5EE678F0}.Debug|Any CPU.Build.0 = Debug|Any CPU
		{8594B596-A901-46BB-BFEC-59BE5EE678F0}.Debug|Mixed Platforms.ActiveCfg = Debug|Any CPU
		{8594B596-A901-46BB-BFEC-59BE5EE678F0}.Debug|Mixed Platforms.Build.0 = Debug|Any CPU
		{8594B596-A901-46BB-BFEC-59BE5EE678F0}.Debug|x64.ActiveCfg = Debug|Any CPU
		{8594B596-A901-46BB-BFEC-59BE5EE678F0}.Debug|x64.Build.0 = Debug|Any CPU
		{8594B596-A901-46BB-BFEC-59BE5EE678F0}.Debug|x86.ActiveCfg = Debug|Any CPU
		{8594B596-A901-46BB-BFEC-59BE5EE678F0}.Debug|x86.Build.0 = Debug|Any CPU
		{8594B596-A901-46BB-BFEC-59BE5EE678F0}.Release|Any CPU.ActiveCfg = Release|Any CPU
		{8594B596-A901-46BB-BFEC-59BE5EE678F0}.Release|Any CPU.Build.0 = Release|Any CPU
		{8594B596-A901-46BB-BFEC-59BE5EE678F0}.Release|Mixed Platforms.ActiveCfg = Release|Any CPU
		{8594B596-A901-46BB-BFEC-59BE5EE678F0}.Release|Mixed Platforms.Build.0 = Release|Any CPU
		{8594B596-A901-46BB-BFEC-59BE5EE678F0}.Release|x64.ActiveCfg = Release|Any CPU
		{8594B596-A901-46BB-BFEC-59BE5EE678F0}.Release|x64.Build.0 = Release|Any CPU
		{8594B596-A901-46BB-BFEC-59BE5EE678F0}.Release|x86.ActiveCfg = Release|Any CPU
		{8594B596-A901-46BB-BFEC-59BE5EE678F0}.Release|x86.Build.0 = Release|Any CPU
		{60E6592A-9D27-4044-9A23-2CC6CE22BA38}.Debug|Any CPU.ActiveCfg = Debug|Any CPU
		{60E6592A-9D27-4044-9A23-2CC6CE22BA38}.Debug|Any CPU.Build.0 = Debug|Any CPU
		{60E6592A-9D27-4044-9A23-2CC6CE22BA38}.Debug|Mixed Platforms.ActiveCfg = Debug|Any CPU
		{60E6592A-9D27-4044-9A23-2CC6CE22BA38}.Debug|Mixed Platforms.Build.0 = Debug|Any CPU
		{60E6592A-9D27-4044-9A23-2CC6CE22BA38}.Debug|x64.ActiveCfg = Debug|Any CPU
		{60E6592A-9D27-4044-9A23-2CC6CE22BA38}.Debug|x64.Build.0 = Debug|Any CPU
		{60E6592A-9D27-4044-9A23-2CC6CE22BA38}.Debug|x86.ActiveCfg = Debug|Any CPU
		{60E6592A-9D27-4044-9A23-2CC6CE22BA38}.Debug|x86.Build.0 = Debug|Any CPU
		{60E6592A-9D27-4044-9A23-2CC6CE22BA38}.Release|Any CPU.ActiveCfg = Release|Any CPU
		{60E6592A-9D27-4044-9A23-2CC6CE22BA38}.Release|Any CPU.Build.0 = Release|Any CPU
		{60E6592A-9D27-4044-9A23-2CC6CE22BA38}.Release|Mixed Platforms.ActiveCfg = Release|Any CPU
		{60E6592A-9D27-4044-9A23-2CC6CE22BA38}.Release|Mixed Platforms.Build.0 = Release|Any CPU
		{60E6592A-9D27-4044-9A23-2CC6CE22BA38}.Release|x64.ActiveCfg = Release|Any CPU
		{60E6592A-9D27-4044-9A23-2CC6CE22BA38}.Release|x64.Build.0 = Release|Any CPU
		{60E6592A-9D27-4044-9A23-2CC6CE22BA38}.Release|x86.ActiveCfg = Release|Any CPU
		{60E6592A-9D27-4044-9A23-2CC6CE22BA38}.Release|x86.Build.0 = Release|Any CPU
	EndGlobalSection
	GlobalSection(SolutionProperties) = preSolution
		HideSolutionNode = FALSE
	EndGlobalSection
	GlobalSection(ExtensibilityGlobals) = postSolution
		SolutionGuid = {15CD975E-5A4D-40C6-97B3-96AEC6383C02}
	EndGlobalSection
EndGlobal
